
Microsoft Visual Studio Solution File, Format Version 12.00
# Visual Studio Version 17
VisualStudioVersion = 17.8.34330.188
MinimumVisualStudioVersion = 10.0.40219.1
Project("{FAE04EC0-301F-11D3-BF4B-00C04F79EFBC}") = "CRUDMongoDb", "CRUDMongoDb\CRUDMongoDb.csproj", "{4C7A5360-EECE-413C-94E7-AAD6E51139C2}"
EndProject
Global
	GlobalSection(SolutionConfigurationPlatforms) = preSolution
		Debug|Any CPU = Debug|Any CPU
		Release|Any CPU = Release|Any CPU
	EndGlobalSection
	GlobalSection(ProjectConfigurationPlatforms) = postSolution
		{4C7A5360-EECE-413C-94E7-AAD6E51139C2}.Debug|Any CPU.ActiveCfg = Debug|Any CPU
		{4C7A5360-EECE-413C-94E7-AAD6E51139C2}.Debug|Any CPU.Build.0 = Debug|Any CPU
		{4C7A5360-EECE-413C-94E7-AAD6E51139C2}.Release|Any CPU.ActiveCfg = Release|Any CPU
		{4C7A5360-EECE-413C-94E7-AAD6E51139C2}.Release|Any CPU.Build.0 = Release|Any CPU
	EndGlobalSection
	GlobalSection(SolutionProperties) = preSolution
		HideSolutionNode = FALSE
	EndGlobalSection
	GlobalSection(ExtensibilityGlobals) = postSolution
		SolutionGuid = {0CD42F1E-BFE5-4508-97D7-FF9FC40C54A3}
	EndGlobalSection
EndGlobal
